
Microsoft Visual Studio Solution File, Format Version 12.00
# Visual Studio 15
VisualStudioVersion = 15.0.26730.16
MinimumVisualStudioVersion = 10.0.40219.1
Project("{8BC9CEB8-8B4A-11D0-8D11-00A0C91BC942}") = "Exercicios Aula 01", "C++ Studies\C++ Studies.vcxproj", "{FDF1C480-B146-4B5C-AD77-05097776FB4D}"
EndProject
Project("{8BC9CEB8-8B4A-11D0-8D11-00A0C91BC942}") = "Exercicios Aula 04", "Exercicios Aula 04\Exercicios Aula 04.vcxproj", "{6634E67E-E884-43A7-9089-4878A599D120}"
EndProject
Project("{8BC9CEB8-8B4A-11D0-8D11-00A0C91BC942}") = "Exercicios Aula 02", "Exercicios Aula 02\Exercicios Aula 02.vcxproj", "{BBF40677-AE75-4238-AE5C-29172DC79EA8}"
EndProject
Project("{8BC9CEB8-8B4A-11D0-8D11-00A0C91BC942}") = "Exercicios Aula 03", "Exercicios Aula 03\Exercicios Aula 03.vcxproj", "{2D0797DD-ECEA-4D25-ACBF-5F375EEBC080}"
EndProject
Project("{8BC9CEB8-8B4A-11D0-8D11-00A0C91BC942}") = "M1_1 Biblioteca com testes", "Prova M1_1\Prova M1_1.vcxproj", "{2AE427B6-59D5-48AE-B914-C87464002ECA}"
EndProject
Project("{8BC9CEB8-8B4A-11D0-8D11-00A0C91BC942}") = "Exercicios Aula 05", "Exercicios Aula 05\Exercicios Aula 05.vcxproj", "{E815ED4D-ECC7-49A2-9BA6-1A9FFB266144}"
EndProject
Project("{8BC9CEB8-8B4A-11D0-8D11-00A0C91BC942}") = "Exercicios Aula 06", "Exercicios Aula 06\Exercicios Aula 06.vcxproj", "{31453FB3-3DD4-4A87-B6D8-12D6A4718DF7}"
EndProject
Project("{8BC9CEB8-8B4A-11D0-8D11-00A0C91BC942}") = "M1_2 Trabalho Peso 4", "M1_2 Trabalho Peso 4\M1_2 Trabalho Peso 4.vcxproj", "{717801B3-0C26-4978-AE01-5538D20C929F}"
EndProject
Project("{8BC9CEB8-8B4A-11D0-8D11-00A0C91BC942}") = "Exercicios Aula 08", "Exercicios Aula 08\Exercicios Aula 08.vcxproj", "{50A4F018-F7E6-4934-BFBB-DEE88A24CF20}"
EndProject
Project("{8BC9CEB8-8B4A-11D0-8D11-00A0C91BC942}") = "Exercicios Aula 09", "Exercicios Aula 09\Exercicios Aula 09.vcxproj", "{647A44B6-3494-48AB-B63C-580210CB347D}"
EndProject
Project("{8BC9CEB8-8B4A-11D0-8D11-00A0C91BC942}") = "Trabalho AC2", "Trabalho AC2\Flood\Flood\Flood.vcxproj", "{BBDA17B7-7454-44CA-A3FD-EEC23EAF5C4C}"
EndProject
Global
	GlobalSection(SolutionConfigurationPlatforms) = preSolution
		Ad-Hoc|Any CPU = Ad-Hoc|Any CPU
		Ad-Hoc|iPhone = Ad-Hoc|iPhone
		Ad-Hoc|iPhoneSimulator = Ad-Hoc|iPhoneSimulator
		Ad-Hoc|x64 = Ad-Hoc|x64
		Ad-Hoc|x86 = Ad-Hoc|x86
		AppStore|Any CPU = AppStore|Any CPU
		AppStore|iPhone = AppStore|iPhone
		AppStore|iPhoneSimulator = AppStore|iPhoneSimulator
		AppStore|x64 = AppStore|x64
		AppStore|x86 = AppStore|x86
		Debug|Any CPU = Debug|Any CPU
		Debug|iPhone = Debug|iPhone
		Debug|iPhoneSimulator = Debug|iPhoneSimulator
		Debug|x64 = Debug|x64
		Debug|x86 = Debug|x86
		Release|Any CPU = Release|Any CPU
		Release|iPhone = Release|iPhone
		Release|iPhoneSimulator = Release|iPhoneSimulator
		Release|x64 = Release|x64
		Release|x86 = Release|x86
	EndGlobalSection
	GlobalSection(ProjectConfigurationPlatforms) = postSolution
		{FDF1C480-B146-4B5C-AD77-05097776FB4D}.Ad-Hoc|Any CPU.ActiveCfg = Release|Win32
		{FDF1C480-B146-4B5C-AD77-05097776FB4D}.Ad-Hoc|Any CPU.Build.0 = Release|Win32
		{FDF1C480-B146-4B5C-AD77-05097776FB4D}.Ad-Hoc|iPhone.ActiveCfg = Release|Win32
		{FDF1C480-B146-4B5C-AD77-05097776FB4D}.Ad-Hoc|iPhone.Build.0 = Release|Win32
		{FDF1C480-B146-4B5C-AD77-05097776FB4D}.Ad-Hoc|iPhoneSimulator.ActiveCfg = Release|Win32
		{FDF1C480-B146-4B5C-AD77-05097776FB4D}.Ad-Hoc|iPhoneSimulator.Build.0 = Release|Win32
		{FDF1C480-B146-4B5C-AD77-05097776FB4D}.Ad-Hoc|x64.ActiveCfg = Release|x64
		{FDF1C480-B146-4B5C-AD77-05097776FB4D}.Ad-Hoc|x64.Build.0 = Release|x64
		{FDF1C480-B146-4B5C-AD77-05097776FB4D}.Ad-Hoc|x86.ActiveCfg = Release|Win32
		{FDF1C480-B146-4B5C-AD77-05097776FB4D}.Ad-Hoc|x86.Build.0 = Release|Win32
		{FDF1C480-B146-4B5C-AD77-05097776FB4D}.AppStore|Any CPU.ActiveCfg = Release|Win32
		{FDF1C480-B146-4B5C-AD77-05097776FB4D}.AppStore|Any CPU.Build.0 = Release|Win32
		{FDF1C480-B146-4B5C-AD77-05097776FB4D}.AppStore|iPhone.ActiveCfg = Release|Win32
		{FDF1C480-B146-4B5C-AD77-05097776FB4D}.AppStore|iPhone.Build.0 = Release|Win32
		{FDF1C480-B146-4B5C-AD77-05097776FB4D}.AppStore|iPhoneSimulator.ActiveCfg = Release|Win32
		{FDF1C480-B146-4B5C-AD77-05097776FB4D}.AppStore|iPhoneSimulator.Build.0 = Release|Win32
		{FDF1C480-B146-4B5C-AD77-05097776FB4D}.AppStore|x64.ActiveCfg = Release|x64
		{FDF1C480-B146-4B5C-AD77-05097776FB4D}.AppStore|x64.Build.0 = Release|x64
		{FDF1C480-B146-4B5C-AD77-05097776FB4D}.AppStore|x86.ActiveCfg = Release|Win32
		{FDF1C480-B146-4B5C-AD77-05097776FB4D}.AppStore|x86.Build.0 = Release|Win32
		{FDF1C480-B146-4B5C-AD77-05097776FB4D}.Debug|Any CPU.ActiveCfg = Debug|Win32
		{FDF1C480-B146-4B5C-AD77-05097776FB4D}.Debug|iPhone.ActiveCfg = Debug|Win32
		{FDF1C480-B146-4B5C-AD77-05097776FB4D}.Debug|iPhoneSimulator.ActiveCfg = Debug|Win32
		{FDF1C480-B146-4B5C-AD77-05097776FB4D}.Debug|x64.ActiveCfg = Debug|x64
		{FDF1C480-B146-4B5C-AD77-05097776FB4D}.Debug|x64.Build.0 = Debug|x64
		{FDF1C480-B146-4B5C-AD77-05097776FB4D}.Debug|x86.ActiveCfg = Debug|Win32
		{FDF1C480-B146-4B5C-AD77-05097776FB4D}.Debug|x86.Build.0 = Debug|Win32
		{FDF1C480-B146-4B5C-AD77-05097776FB4D}.Release|Any CPU.ActiveCfg = Release|Win32
		{FDF1C480-B146-4B5C-AD77-05097776FB4D}.Release|iPhone.ActiveCfg = Release|Win32
		{FDF1C480-B146-4B5C-AD77-05097776FB4D}.Release|iPhoneSimulator.ActiveCfg = Release|Win32
		{FDF1C480-B146-4B5C-AD77-05097776FB4D}.Release|x64.ActiveCfg = Release|x64
		{FDF1C480-B146-4B5C-AD77-05097776FB4D}.Release|x64.Build.0 = Release|x64
		{FDF1C480-B146-4B5C-AD77-05097776FB4D}.Release|x86.ActiveCfg = Release|Win32
		{FDF1C480-B146-4B5C-AD77-05097776FB4D}.Release|x86.Build.0 = Release|Win32
		{6634E67E-E884-43A7-9089-4878A599D120}.Ad-Hoc|Any CPU.ActiveCfg = Release|x64
		{6634E67E-E884-43A7-9089-4878A599D120}.Ad-Hoc|Any CPU.Build.0 = Release|x64
		{6634E67E-E884-43A7-9089-4878A599D120}.Ad-Hoc|iPhone.ActiveCfg = Release|x64
		{6634E67E-E884-43A7-9089-4878A599D120}.Ad-Hoc|iPhone.Build.0 = Release|x64
		{6634E67E-E884-43A7-9089-4878A599D120}.Ad-Hoc|iPhoneSimulator.ActiveCfg = Release|x64
		{6634E67E-E884-43A7-9089-4878A599D120}.Ad-Hoc|iPhoneSimulator.Build.0 = Release|x64
		{6634E67E-E884-43A7-9089-4878A599D120}.Ad-Hoc|x64.ActiveCfg = Release|x64
		{6634E67E-E884-43A7-9089-4878A599D120}.Ad-Hoc|x64.Build.0 = Release|x64
		{6634E67E-E884-43A7-9089-4878A599D120}.Ad-Hoc|x86.ActiveCfg = Release|Win32
		{6634E67E-E884-43A7-9089-4878A599D120}.Ad-Hoc|x86.Build.0 = Release|Win32
		{6634E67E-E884-43A7-9089-4878A599D120}.AppStore|Any CPU.ActiveCfg = Release|x64
		{6634E67E-E884-43A7-9089-4878A599D120}.AppStore|Any CPU.Build.0 = Release|x64
		{6634E67E-E884-43A7-9089-4878A599D120}.AppStore|iPhone.ActiveCfg = Release|x64
		{6634E67E-E884-43A7-9089-4878A599D120}.AppStore|iPhone.Build.0 = Release|x64
		{6634E67E-E884-43A7-9089-4878A599D120}.AppStore|iPhoneSimulator.ActiveCfg = Release|x64
		{6634E67E-E884-43A7-9089-4878A599D120}.AppStore|iPhoneSimulator.Build.0 = Release|x64
		{6634E67E-E884-43A7-9089-4878A599D120}.AppStore|x64.ActiveCfg = Release|x64
		{6634E67E-E884-43A7-9089-4878A599D120}.AppStore|x64.Build.0 = Release|x64
		{6634E67E-E884-43A7-9089-4878A599D120}.AppStore|x86.ActiveCfg = Release|Win32
		{6634E67E-E884-43A7-9089-4878A599D120}.AppStore|x86.Build.0 = Release|Win32
		{6634E67E-E884-43A7-9089-4878A599D120}.Debug|Any CPU.ActiveCfg = Debug|Win32
		{6634E67E-E884-43A7-9089-4878A599D120}.Debug|iPhone.ActiveCfg = Debug|Win32
		{6634E67E-E884-43A7-9089-4878A599D120}.Debug|iPhoneSimulator.ActiveCfg = Debug|Win32
		{6634E67E-E884-43A7-9089-4878A599D120}.Debug|x64.ActiveCfg = Debug|x64
		{6634E67E-E884-43A7-9089-4878A599D120}.Debug|x64.Build.0 = Debug|x64
		{6634E67E-E884-43A7-9089-4878A599D120}.Debug|x86.ActiveCfg = Debug|Win32
		{6634E67E-E884-43A7-9089-4878A599D120}.Debug|x86.Build.0 = Debug|Win32
		{6634E67E-E884-43A7-9089-4878A599D120}.Release|Any CPU.ActiveCfg = Release|Win32
		{6634E67E-E884-43A7-9089-4878A599D120}.Release|iPhone.ActiveCfg = Release|Win32
		{6634E67E-E884-43A7-9089-4878A599D120}.Release|iPhoneSimulator.ActiveCfg = Release|Win32
		{6634E67E-E884-43A7-9089-4878A599D120}.Release|x64.ActiveCfg = Release|x64
		{6634E67E-E884-43A7-9089-4878A599D120}.Release|x64.Build.0 = Release|x64
		{6634E67E-E884-43A7-9089-4878A599D120}.Release|x86.ActiveCfg = Release|Win32
		{6634E67E-E884-43A7-9089-4878A599D120}.Release|x86.Build.0 = Release|Win32
		{BBF40677-AE75-4238-AE5C-29172DC79EA8}.Ad-Hoc|Any CPU.ActiveCfg = Release|x64
		{BBF40677-AE75-4238-AE5C-29172DC79EA8}.Ad-Hoc|Any CPU.Build.0 = Release|x64
		{BBF40677-AE75-4238-AE5C-29172DC79EA8}.Ad-Hoc|iPhone.ActiveCfg = Release|x64
		{BBF40677-AE75-4238-AE5C-29172DC79EA8}.Ad-Hoc|iPhone.Build.0 = Release|x64
		{BBF40677-AE75-4238-AE5C-29172DC79EA8}.Ad-Hoc|iPhoneSimulator.ActiveCfg = Release|x64
		{BBF40677-AE75-4238-AE5C-29172DC79EA8}.Ad-Hoc|iPhoneSimulator.Build.0 = Release|x64
		{BBF40677-AE75-4238-AE5C-29172DC79EA8}.Ad-Hoc|x64.ActiveCfg = Release|x64
		{BBF40677-AE75-4238-AE5C-29172DC79EA8}.Ad-Hoc|x64.Build.0 = Release|x64
		{BBF40677-AE75-4238-AE5C-29172DC79EA8}.Ad-Hoc|x86.ActiveCfg = Release|Win32
		{BBF40677-AE75-4238-AE5C-29172DC79EA8}.Ad-Hoc|x86.Build.0 = Release|Win32
		{BBF40677-AE75-4238-AE5C-29172DC79EA8}.AppStore|Any CPU.ActiveCfg = Release|x64
		{BBF40677-AE75-4238-AE5C-29172DC79EA8}.AppStore|Any CPU.Build.0 = Release|x64
		{BBF40677-AE75-4238-AE5C-29172DC79EA8}.AppStore|iPhone.ActiveCfg = Release|x64
		{BBF40677-AE75-4238-AE5C-29172DC79EA8}.AppStore|iPhone.Build.0 = Release|x64
		{BBF40677-AE75-4238-AE5C-29172DC79EA8}.AppStore|iPhoneSimulator.ActiveCfg = Release|x64
		{BBF40677-AE75-4238-AE5C-29172DC79EA8}.AppStore|iPhoneSimulator.Build.0 = Release|x64
		{BBF40677-AE75-4238-AE5C-29172DC79EA8}.AppStore|x64.ActiveCfg = Release|x64
		{BBF40677-AE75-4238-AE5C-29172DC79EA8}.AppStore|x64.Build.0 = Release|x64
		{BBF40677-AE75-4238-AE5C-29172DC79EA8}.AppStore|x86.ActiveCfg = Release|Win32
		{BBF40677-AE75-4238-AE5C-29172DC79EA8}.AppStore|x86.Build.0 = Release|Win32
		{BBF40677-AE75-4238-AE5C-29172DC79EA8}.Debug|Any CPU.ActiveCfg = Debug|Win32
		{BBF40677-AE75-4238-AE5C-29172DC79EA8}.Debug|iPhone.ActiveCfg = Debug|Win32
		{BBF40677-AE75-4238-AE5C-29172DC79EA8}.Debug|iPhoneSimulator.ActiveCfg = Debug|Win32
		{BBF40677-AE75-4238-AE5C-29172DC79EA8}.Debug|x64.ActiveCfg = Debug|x64
		{BBF40677-AE75-4238-AE5C-29172DC79EA8}.Debug|x64.Build.0 = Debug|x64
		{BBF40677-AE75-4238-AE5C-29172DC79EA8}.Debug|x86.ActiveCfg = Debug|Win32
		{BBF40677-AE75-4238-AE5C-29172DC79EA8}.Debug|x86.Build.0 = Debug|Win32
		{BBF40677-AE75-4238-AE5C-29172DC79EA8}.Release|Any CPU.ActiveCfg = Release|Win32
		{BBF40677-AE75-4238-AE5C-29172DC79EA8}.Release|iPhone.ActiveCfg = Release|Win32
		{BBF40677-AE75-4238-AE5C-29172DC79EA8}.Release|iPhoneSimulator.ActiveCfg = Release|Win32
		{BBF40677-AE75-4238-AE5C-29172DC79EA8}.Release|x64.ActiveCfg = Release|x64
		{BBF40677-AE75-4238-AE5C-29172DC79EA8}.Release|x64.Build.0 = Release|x64
		{BBF40677-AE75-4238-AE5C-29172DC79EA8}.Release|x86.ActiveCfg = Release|Win32
		{BBF40677-AE75-4238-AE5C-29172DC79EA8}.Release|x86.Build.0 = Release|Win32
		{2D0797DD-ECEA-4D25-ACBF-5F375EEBC080}.Ad-Hoc|Any CPU.ActiveCfg = Release|x64
		{2D0797DD-ECEA-4D25-ACBF-5F375EEBC080}.Ad-Hoc|Any CPU.Build.0 = Release|x64
		{2D0797DD-ECEA-4D25-ACBF-5F375EEBC080}.Ad-Hoc|iPhone.ActiveCfg = Release|x64
		{2D0797DD-ECEA-4D25-ACBF-5F375EEBC080}.Ad-Hoc|iPhone.Build.0 = Release|x64
		{2D0797DD-ECEA-4D25-ACBF-5F375EEBC080}.Ad-Hoc|iPhoneSimulator.ActiveCfg = Release|x64
		{2D0797DD-ECEA-4D25-ACBF-5F375EEBC080}.Ad-Hoc|iPhoneSimulator.Build.0 = Release|x64
		{2D0797DD-ECEA-4D25-ACBF-5F375EEBC080}.Ad-Hoc|x64.ActiveCfg = Release|x64
		{2D0797DD-ECEA-4D25-ACBF-5F375EEBC080}.Ad-Hoc|x64.Build.0 = Release|x64
		{2D0797DD-ECEA-4D25-ACBF-5F375EEBC080}.Ad-Hoc|x86.ActiveCfg = Release|Win32
		{2D0797DD-ECEA-4D25-ACBF-5F375EEBC080}.Ad-Hoc|x86.Build.0 = Release|Win32
		{2D0797DD-ECEA-4D25-ACBF-5F375EEBC080}.AppStore|Any CPU.ActiveCfg = Release|x64
		{2D0797DD-ECEA-4D25-ACBF-5F375EEBC080}.AppStore|Any CPU.Build.0 = Release|x64
		{2D0797DD-ECEA-4D25-ACBF-5F375EEBC080}.AppStore|iPhone.ActiveCfg = Release|x64
		{2D0797DD-ECEA-4D25-ACBF-5F375EEBC080}.AppStore|iPhone.Build.0 = Release|x64
		{2D0797DD-ECEA-4D25-ACBF-5F375EEBC080}.AppStore|iPhoneSimulator.ActiveCfg = Release|x64
		{2D0797DD-ECEA-4D25-ACBF-5F375EEBC080}.AppStore|iPhoneSimulator.Build.0 = Release|x64
		{2D0797DD-ECEA-4D25-ACBF-5F375EEBC080}.AppStore|x64.ActiveCfg = Release|x64
		{2D0797DD-ECEA-4D25-ACBF-5F375EEBC080}.AppStore|x64.Build.0 = Release|x64
		{2D0797DD-ECEA-4D25-ACBF-5F375EEBC080}.AppStore|x86.ActiveCfg = Release|Win32
		{2D0797DD-ECEA-4D25-ACBF-5F375EEBC080}.AppStore|x86.Build.0 = Release|Win32
		{2D0797DD-ECEA-4D25-ACBF-5F375EEBC080}.Debug|Any CPU.ActiveCfg = Debug|Win32
		{2D0797DD-ECEA-4D25-ACBF-5F375EEBC080}.Debug|iPhone.ActiveCfg = Debug|Win32
		{2D0797DD-ECEA-4D25-ACBF-5F375EEBC080}.Debug|iPhoneSimulator.ActiveCfg = Debug|Win32
		{2D0797DD-ECEA-4D25-ACBF-5F375EEBC080}.Debug|x64.ActiveCfg = Debug|x64
		{2D0797DD-ECEA-4D25-ACBF-5F375EEBC080}.Debug|x64.Build.0 = Debug|x64
		{2D0797DD-ECEA-4D25-ACBF-5F375EEBC080}.Debug|x86.ActiveCfg = Debug|Win32
		{2D0797DD-ECEA-4D25-ACBF-5F375EEBC080}.Debug|x86.Build.0 = Debug|Win32
		{2D0797DD-ECEA-4D25-ACBF-5F375EEBC080}.Release|Any CPU.ActiveCfg = Release|Win32
		{2D0797DD-ECEA-4D25-ACBF-5F375EEBC080}.Release|iPhone.ActiveCfg = Release|Win32
		{2D0797DD-ECEA-4D25-ACBF-5F375EEBC080}.Release|iPhoneSimulator.ActiveCfg = Release|Win32
		{2D0797DD-ECEA-4D25-ACBF-5F375EEBC080}.Release|x64.ActiveCfg = Release|x64
		{2D0797DD-ECEA-4D25-ACBF-5F375EEBC080}.Release|x64.Build.0 = Release|x64
		{2D0797DD-ECEA-4D25-ACBF-5F375EEBC080}.Release|x86.ActiveCfg = Release|Win32
		{2D0797DD-ECEA-4D25-ACBF-5F375EEBC080}.Release|x86.Build.0 = Release|Win32
		{2AE427B6-59D5-48AE-B914-C87464002ECA}.Ad-Hoc|Any CPU.ActiveCfg = Release|x64
		{2AE427B6-59D5-48AE-B914-C87464002ECA}.Ad-Hoc|Any CPU.Build.0 = Release|x64
		{2AE427B6-59D5-48AE-B914-C87464002ECA}.Ad-Hoc|iPhone.ActiveCfg = Release|x64
		{2AE427B6-59D5-48AE-B914-C87464002ECA}.Ad-Hoc|iPhone.Build.0 = Release|x64
		{2AE427B6-59D5-48AE-B914-C87464002ECA}.Ad-Hoc|iPhoneSimulator.ActiveCfg = Release|x64
		{2AE427B6-59D5-48AE-B914-C87464002ECA}.Ad-Hoc|iPhoneSimulator.Build.0 = Release|x64
		{2AE427B6-59D5-48AE-B914-C87464002ECA}.Ad-Hoc|x64.ActiveCfg = Release|x64
		{2AE427B6-59D5-48AE-B914-C87464002ECA}.Ad-Hoc|x64.Build.0 = Release|x64
		{2AE427B6-59D5-48AE-B914-C87464002ECA}.Ad-Hoc|x86.ActiveCfg = Release|Win32
		{2AE427B6-59D5-48AE-B914-C87464002ECA}.Ad-Hoc|x86.Build.0 = Release|Win32
		{2AE427B6-59D5-48AE-B914-C87464002ECA}.AppStore|Any CPU.ActiveCfg = Release|x64
		{2AE427B6-59D5-48AE-B914-C87464002ECA}.AppStore|Any CPU.Build.0 = Release|x64
		{2AE427B6-59D5-48AE-B914-C87464002ECA}.AppStore|iPhone.ActiveCfg = Release|x64
		{2AE427B6-59D5-48AE-B914-C87464002ECA}.AppStore|iPhone.Build.0 = Release|x64
		{2AE427B6-59D5-48AE-B914-C87464002ECA}.AppStore|iPhoneSimulator.ActiveCfg = Release|x64
		{2AE427B6-59D5-48AE-B914-C87464002ECA}.AppStore|iPhoneSimulator.Build.0 = Release|x64
		{2AE427B6-59D5-48AE-B914-C87464002ECA}.AppStore|x64.ActiveCfg = Release|x64
		{2AE427B6-59D5-48AE-B914-C87464002ECA}.AppStore|x64.Build.0 = Release|x64
		{2AE427B6-59D5-48AE-B914-C87464002ECA}.AppStore|x86.ActiveCfg = Release|Win32
		{2AE427B6-59D5-48AE-B914-C87464002ECA}.AppStore|x86.Build.0 = Release|Win32
		{2AE427B6-59D5-48AE-B914-C87464002ECA}.Debug|Any CPU.ActiveCfg = Debug|Win32
		{2AE427B6-59D5-48AE-B914-C87464002ECA}.Debug|iPhone.ActiveCfg = Debug|Win32
		{2AE427B6-59D5-48AE-B914-C87464002ECA}.Debug|iPhoneSimulator.ActiveCfg = Debug|Win32
		{2AE427B6-59D5-48AE-B914-C87464002ECA}.Debug|x64.ActiveCfg = Debug|x64
		{2AE427B6-59D5-48AE-B914-C87464002ECA}.Debug|x64.Build.0 = Debug|x64
		{2AE427B6-59D5-48AE-B914-C87464002ECA}.Debug|x86.ActiveCfg = Debug|Win32
		{2AE427B6-59D5-48AE-B914-C87464002ECA}.Debug|x86.Build.0 = Debug|Win32
		{2AE427B6-59D5-48AE-B914-C87464002ECA}.Release|Any CPU.ActiveCfg = Release|Win32
		{2AE427B6-59D5-48AE-B914-C87464002ECA}.Release|iPhone.ActiveCfg = Release|Win32
		{2AE427B6-59D5-48AE-B914-C87464002ECA}.Release|iPhoneSimulator.ActiveCfg = Release|Win32
		{2AE427B6-59D5-48AE-B914-C87464002ECA}.Release|x64.ActiveCfg = Release|x64
		{2AE427B6-59D5-48AE-B914-C87464002ECA}.Release|x64.Build.0 = Release|x64
		{2AE427B6-59D5-48AE-B914-C87464002ECA}.Release|x86.ActiveCfg = Release|Win32
		{2AE427B6-59D5-48AE-B914-C87464002ECA}.Release|x86.Build.0 = Release|Win32
		{E815ED4D-ECC7-49A2-9BA6-1A9FFB266144}.Ad-Hoc|Any CPU.ActiveCfg = Release|x64
		{E815ED4D-ECC7-49A2-9BA6-1A9FFB266144}.Ad-Hoc|Any CPU.Build.0 = Release|x64
		{E815ED4D-ECC7-49A2-9BA6-1A9FFB266144}.Ad-Hoc|iPhone.ActiveCfg = Release|x64
		{E815ED4D-ECC7-49A2-9BA6-1A9FFB266144}.Ad-Hoc|iPhone.Build.0 = Release|x64
		{E815ED4D-ECC7-49A2-9BA6-1A9FFB266144}.Ad-Hoc|iPhoneSimulator.ActiveCfg = Release|x64
		{E815ED4D-ECC7-49A2-9BA6-1A9FFB266144}.Ad-Hoc|iPhoneSimulator.Build.0 = Release|x64
		{E815ED4D-ECC7-49A2-9BA6-1A9FFB266144}.Ad-Hoc|x64.ActiveCfg = Release|x64
		{E815ED4D-ECC7-49A2-9BA6-1A9FFB266144}.Ad-Hoc|x64.Build.0 = Release|x64
		{E815ED4D-ECC7-49A2-9BA6-1A9FFB266144}.Ad-Hoc|x86.ActiveCfg = Release|Win32
		{E815ED4D-ECC7-49A2-9BA6-1A9FFB266144}.Ad-Hoc|x86.Build.0 = Release|Win32
		{E815ED4D-ECC7-49A2-9BA6-1A9FFB266144}.AppStore|Any CPU.ActiveCfg = Release|x64
		{E815ED4D-ECC7-49A2-9BA6-1A9FFB266144}.AppStore|Any CPU.Build.0 = Release|x64
		{E815ED4D-ECC7-49A2-9BA6-1A9FFB266144}.AppStore|iPhone.ActiveCfg = Release|x64
		{E815ED4D-ECC7-49A2-9BA6-1A9FFB266144}.AppStore|iPhone.Build.0 = Release|x64
		{E815ED4D-ECC7-49A2-9BA6-1A9FFB266144}.AppStore|iPhoneSimulator.ActiveCfg = Release|x64
		{E815ED4D-ECC7-49A2-9BA6-1A9FFB266144}.AppStore|iPhoneSimulator.Build.0 = Release|x64
		{E815ED4D-ECC7-49A2-9BA6-1A9FFB266144}.AppStore|x64.ActiveCfg = Release|x64
		{E815ED4D-ECC7-49A2-9BA6-1A9FFB266144}.AppStore|x64.Build.0 = Release|x64
		{E815ED4D-ECC7-49A2-9BA6-1A9FFB266144}.AppStore|x86.ActiveCfg = Release|Win32
		{E815ED4D-ECC7-49A2-9BA6-1A9FFB266144}.AppStore|x86.Build.0 = Release|Win32
		{E815ED4D-ECC7-49A2-9BA6-1A9FFB266144}.Debug|Any CPU.ActiveCfg = Debug|Win32
		{E815ED4D-ECC7-49A2-9BA6-1A9FFB266144}.Debug|iPhone.ActiveCfg = Debug|Win32
		{E815ED4D-ECC7-49A2-9BA6-1A9FFB266144}.Debug|iPhoneSimulator.ActiveCfg = Debug|Win32
		{E815ED4D-ECC7-49A2-9BA6-1A9FFB266144}.Debug|x64.ActiveCfg = Debug|x64
		{E815ED4D-ECC7-49A2-9BA6-1A9FFB266144}.Debug|x64.Build.0 = Debug|x64
		{E815ED4D-ECC7-49A2-9BA6-1A9FFB266144}.Debug|x86.ActiveCfg = Debug|Win32
		{E815ED4D-ECC7-49A2-9BA6-1A9FFB266144}.Debug|x86.Build.0 = Debug|Win32
		{E815ED4D-ECC7-49A2-9BA6-1A9FFB266144}.Release|Any CPU.ActiveCfg = Release|Win32
		{E815ED4D-ECC7-49A2-9BA6-1A9FFB266144}.Release|iPhone.ActiveCfg = Release|Win32
		{E815ED4D-ECC7-49A2-9BA6-1A9FFB266144}.Release|iPhoneSimulator.ActiveCfg = Release|Win32
		{E815ED4D-ECC7-49A2-9BA6-1A9FFB266144}.Release|x64.ActiveCfg = Release|x64
		{E815ED4D-ECC7-49A2-9BA6-1A9FFB266144}.Release|x64.Build.0 = Release|x64
		{E815ED4D-ECC7-49A2-9BA6-1A9FFB266144}.Release|x86.ActiveCfg = Release|Win32
		{E815ED4D-ECC7-49A2-9BA6-1A9FFB266144}.Release|x86.Build.0 = Release|Win32
		{31453FB3-3DD4-4A87-B6D8-12D6A4718DF7}.Ad-Hoc|Any CPU.ActiveCfg = Release|x64
		{31453FB3-3DD4-4A87-B6D8-12D6A4718DF7}.Ad-Hoc|Any CPU.Build.0 = Release|x64
		{31453FB3-3DD4-4A87-B6D8-12D6A4718DF7}.Ad-Hoc|iPhone.ActiveCfg = Release|x64
		{31453FB3-3DD4-4A87-B6D8-12D6A4718DF7}.Ad-Hoc|iPhone.Build.0 = Release|x64
		{31453FB3-3DD4-4A87-B6D8-12D6A4718DF7}.Ad-Hoc|iPhoneSimulator.ActiveCfg = Release|x64
		{31453FB3-3DD4-4A87-B6D8-12D6A4718DF7}.Ad-Hoc|iPhoneSimulator.Build.0 = Release|x64
		{31453FB3-3DD4-4A87-B6D8-12D6A4718DF7}.Ad-Hoc|x64.ActiveCfg = Release|x64
		{31453FB3-3DD4-4A87-B6D8-12D6A4718DF7}.Ad-Hoc|x64.Build.0 = Release|x64
		{31453FB3-3DD4-4A87-B6D8-12D6A4718DF7}.Ad-Hoc|x86.ActiveCfg = Release|Win32
		{31453FB3-3DD4-4A87-B6D8-12D6A4718DF7}.Ad-Hoc|x86.Build.0 = Release|Win32
		{31453FB3-3DD4-4A87-B6D8-12D6A4718DF7}.AppStore|Any CPU.ActiveCfg = Release|x64
		{31453FB3-3DD4-4A87-B6D8-12D6A4718DF7}.AppStore|Any CPU.Build.0 = Release|x64
		{31453FB3-3DD4-4A87-B6D8-12D6A4718DF7}.AppStore|iPhone.ActiveCfg = Release|x64
		{31453FB3-3DD4-4A87-B6D8-12D6A4718DF7}.AppStore|iPhone.Build.0 = Release|x64
		{31453FB3-3DD4-4A87-B6D8-12D6A4718DF7}.AppStore|iPhoneSimulator.ActiveCfg = Release|x64
		{31453FB3-3DD4-4A87-B6D8-12D6A4718DF7}.AppStore|iPhoneSimulator.Build.0 = Release|x64
		{31453FB3-3DD4-4A87-B6D8-12D6A4718DF7}.AppStore|x64.ActiveCfg = Release|x64
		{31453FB3-3DD4-4A87-B6D8-12D6A4718DF7}.AppStore|x64.Build.0 = Release|x64
		{31453FB3-3DD4-4A87-B6D8-12D6A4718DF7}.AppStore|x86.ActiveCfg = Release|Win32
		{31453FB3-3DD4-4A87-B6D8-12D6A4718DF7}.AppStore|x86.Build.0 = Release|Win32
		{31453FB3-3DD4-4A87-B6D8-12D6A4718DF7}.Debug|Any CPU.ActiveCfg = Debug|Win32
		{31453FB3-3DD4-4A87-B6D8-12D6A4718DF7}.Debug|iPhone.ActiveCfg = Debug|Win32
		{31453FB3-3DD4-4A87-B6D8-12D6A4718DF7}.Debug|iPhoneSimulator.ActiveCfg = Debug|Win32
		{31453FB3-3DD4-4A87-B6D8-12D6A4718DF7}.Debug|x64.ActiveCfg = Debug|x64
		{31453FB3-3DD4-4A87-B6D8-12D6A4718DF7}.Debug|x64.Build.0 = Debug|x64
		{31453FB3-3DD4-4A87-B6D8-12D6A4718DF7}.Debug|x86.ActiveCfg = Debug|Win32
		{31453FB3-3DD4-4A87-B6D8-12D6A4718DF7}.Debug|x86.Build.0 = Debug|Win32
		{31453FB3-3DD4-4A87-B6D8-12D6A4718DF7}.Release|Any CPU.ActiveCfg = Release|Win32
		{31453FB3-3DD4-4A87-B6D8-12D6A4718DF7}.Release|iPhone.ActiveCfg = Release|Win32
		{31453FB3-3DD4-4A87-B6D8-12D6A4718DF7}.Release|iPhoneSimulator.ActiveCfg = Release|Win32
		{31453FB3-3DD4-4A87-B6D8-12D6A4718DF7}.Release|x64.ActiveCfg = Release|x64
		{31453FB3-3DD4-4A87-B6D8-12D6A4718DF7}.Release|x64.Build.0 = Release|x64
		{31453FB3-3DD4-4A87-B6D8-12D6A4718DF7}.Release|x86.ActiveCfg = Release|Win32
		{31453FB3-3DD4-4A87-B6D8-12D6A4718DF7}.Release|x86.Build.0 = Release|Win32
		{717801B3-0C26-4978-AE01-5538D20C929F}.Ad-Hoc|Any CPU.ActiveCfg = Release|x64
		{717801B3-0C26-4978-AE01-5538D20C929F}.Ad-Hoc|Any CPU.Build.0 = Release|x64
		{717801B3-0C26-4978-AE01-5538D20C929F}.Ad-Hoc|iPhone.ActiveCfg = Release|x64
		{717801B3-0C26-4978-AE01-5538D20C929F}.Ad-Hoc|iPhone.Build.0 = Release|x64
		{717801B3-0C26-4978-AE01-5538D20C929F}.Ad-Hoc|iPhoneSimulator.ActiveCfg = Release|x64
		{717801B3-0C26-4978-AE01-5538D20C929F}.Ad-Hoc|iPhoneSimulator.Build.0 = Release|x64
		{717801B3-0C26-4978-AE01-5538D20C929F}.Ad-Hoc|x64.ActiveCfg = Release|x64
		{717801B3-0C26-4978-AE01-5538D20C929F}.Ad-Hoc|x64.Build.0 = Release|x64
		{717801B3-0C26-4978-AE01-5538D20C929F}.Ad-Hoc|x86.ActiveCfg = Release|Win32
		{717801B3-0C26-4978-AE01-5538D20C929F}.Ad-Hoc|x86.Build.0 = Release|Win32
		{717801B3-0C26-4978-AE01-5538D20C929F}.AppStore|Any CPU.ActiveCfg = Release|x64
		{717801B3-0C26-4978-AE01-5538D20C929F}.AppStore|Any CPU.Build.0 = Release|x64
		{717801B3-0C26-4978-AE01-5538D20C929F}.AppStore|iPhone.ActiveCfg = Release|x64
		{717801B3-0C26-4978-AE01-5538D20C929F}.AppStore|iPhone.Build.0 = Release|x64
		{717801B3-0C26-4978-AE01-5538D20C929F}.AppStore|iPhoneSimulator.ActiveCfg = Release|x64
		{717801B3-0C26-4978-AE01-5538D20C929F}.AppStore|iPhoneSimulator.Build.0 = Release|x64
		{717801B3-0C26-4978-AE01-5538D20C929F}.AppStore|x64.ActiveCfg = Release|x64
		{717801B3-0C26-4978-AE01-5538D20C929F}.AppStore|x64.Build.0 = Release|x64
		{717801B3-0C26-4978-AE01-5538D20C929F}.AppStore|x86.ActiveCfg = Release|Win32
		{717801B3-0C26-4978-AE01-5538D20C929F}.AppStore|x86.Build.0 = Release|Win32
		{717801B3-0C26-4978-AE01-5538D20C929F}.Debug|Any CPU.ActiveCfg = Debug|Win32
		{717801B3-0C26-4978-AE01-5538D20C929F}.Debug|iPhone.ActiveCfg = Debug|Win32
		{717801B3-0C26-4978-AE01-5538D20C929F}.Debug|iPhoneSimulator.ActiveCfg = Debug|Win32
		{717801B3-0C26-4978-AE01-5538D20C929F}.Debug|x64.ActiveCfg = Debug|x64
		{717801B3-0C26-4978-AE01-5538D20C929F}.Debug|x64.Build.0 = Debug|x64
		{717801B3-0C26-4978-AE01-5538D20C929F}.Debug|x86.ActiveCfg = Debug|Win32
		{717801B3-0C26-4978-AE01-5538D20C929F}.Debug|x86.Build.0 = Debug|Win32
		{717801B3-0C26-4978-AE01-5538D20C929F}.Release|Any CPU.ActiveCfg = Release|Win32
		{717801B3-0C26-4978-AE01-5538D20C929F}.Release|iPhone.ActiveCfg = Release|Win32
		{717801B3-0C26-4978-AE01-5538D20C929F}.Release|iPhoneSimulator.ActiveCfg = Release|Win32
		{717801B3-0C26-4978-AE01-5538D20C929F}.Release|x64.ActiveCfg = Release|x64
		{717801B3-0C26-4978-AE01-5538D20C929F}.Release|x64.Build.0 = Release|x64
		{717801B3-0C26-4978-AE01-5538D20C929F}.Release|x86.ActiveCfg = Release|Win32
		{717801B3-0C26-4978-AE01-5538D20C929F}.Release|x86.Build.0 = Release|Win32
		{50A4F018-F7E6-4934-BFBB-DEE88A24CF20}.Ad-Hoc|Any CPU.ActiveCfg = Release|x64
		{50A4F018-F7E6-4934-BFBB-DEE88A24CF20}.Ad-Hoc|Any CPU.Build.0 = Release|x64
		{50A4F018-F7E6-4934-BFBB-DEE88A24CF20}.Ad-Hoc|iPhone.ActiveCfg = Release|x64
		{50A4F018-F7E6-4934-BFBB-DEE88A24CF20}.Ad-Hoc|iPhone.Build.0 = Release|x64
		{50A4F018-F7E6-4934-BFBB-DEE88A24CF20}.Ad-Hoc|iPhoneSimulator.ActiveCfg = Release|x64
		{50A4F018-F7E6-4934-BFBB-DEE88A24CF20}.Ad-Hoc|iPhoneSimulator.Build.0 = Release|x64
		{50A4F018-F7E6-4934-BFBB-DEE88A24CF20}.Ad-Hoc|x64.ActiveCfg = Release|x64
		{50A4F018-F7E6-4934-BFBB-DEE88A24CF20}.Ad-Hoc|x64.Build.0 = Release|x64
		{50A4F018-F7E6-4934-BFBB-DEE88A24CF20}.Ad-Hoc|x86.ActiveCfg = Release|Win32
		{50A4F018-F7E6-4934-BFBB-DEE88A24CF20}.Ad-Hoc|x86.Build.0 = Release|Win32
		{50A4F018-F7E6-4934-BFBB-DEE88A24CF20}.AppStore|Any CPU.ActiveCfg = Release|x64
		{50A4F018-F7E6-4934-BFBB-DEE88A24CF20}.AppStore|Any CPU.Build.0 = Release|x64
		{50A4F018-F7E6-4934-BFBB-DEE88A24CF20}.AppStore|iPhone.ActiveCfg = Release|x64
		{50A4F018-F7E6-4934-BFBB-DEE88A24CF20}.AppStore|iPhone.Build.0 = Release|x64
		{50A4F018-F7E6-4934-BFBB-DEE88A24CF20}.AppStore|iPhoneSimulator.ActiveCfg = Release|x64
		{50A4F018-F7E6-4934-BFBB-DEE88A24CF20}.AppStore|iPhoneSimulator.Build.0 = Release|x64
		{50A4F018-F7E6-4934-BFBB-DEE88A24CF20}.AppStore|x64.ActiveCfg = Release|x64
		{50A4F018-F7E6-4934-BFBB-DEE88A24CF20}.AppStore|x64.Build.0 = Release|x64
		{50A4F018-F7E6-4934-BFBB-DEE88A24CF20}.AppStore|x86.ActiveCfg = Release|Win32
		{50A4F018-F7E6-4934-BFBB-DEE88A24CF20}.AppStore|x86.Build.0 = Release|Win32
		{50A4F018-F7E6-4934-BFBB-DEE88A24CF20}.Debug|Any CPU.ActiveCfg = Debug|Win32
		{50A4F018-F7E6-4934-BFBB-DEE88A24CF20}.Debug|iPhone.ActiveCfg = Debug|Win32
		{50A4F018-F7E6-4934-BFBB-DEE88A24CF20}.Debug|iPhoneSimulator.ActiveCfg = Debug|Win32
		{50A4F018-F7E6-4934-BFBB-DEE88A24CF20}.Debug|x64.ActiveCfg = Debug|x64
		{50A4F018-F7E6-4934-BFBB-DEE88A24CF20}.Debug|x64.Build.0 = Debug|x64
		{50A4F018-F7E6-4934-BFBB-DEE88A24CF20}.Debug|x86.ActiveCfg = Debug|Win32
		{50A4F018-F7E6-4934-BFBB-DEE88A24CF20}.Debug|x86.Build.0 = Debug|Win32
		{50A4F018-F7E6-4934-BFBB-DEE88A24CF20}.Release|Any CPU.ActiveCfg = Release|Win32
		{50A4F018-F7E6-4934-BFBB-DEE88A24CF20}.Release|iPhone.ActiveCfg = Release|Win32
		{50A4F018-F7E6-4934-BFBB-DEE88A24CF20}.Release|iPhoneSimulator.ActiveCfg = Release|Win32
		{50A4F018-F7E6-4934-BFBB-DEE88A24CF20}.Release|x64.ActiveCfg = Release|x64
		{50A4F018-F7E6-4934-BFBB-DEE88A24CF20}.Release|x64.Build.0 = Release|x64
		{50A4F018-F7E6-4934-BFBB-DEE88A24CF20}.Release|x86.ActiveCfg = Release|Win32
		{50A4F018-F7E6-4934-BFBB-DEE88A24CF20}.Release|x86.Build.0 = Release|Win32
		{647A44B6-3494-48AB-B63C-580210CB347D}.Ad-Hoc|Any CPU.ActiveCfg = Release|x64
		{647A44B6-3494-48AB-B63C-580210CB347D}.Ad-Hoc|Any CPU.Build.0 = Release|x64
		{647A44B6-3494-48AB-B63C-580210CB347D}.Ad-Hoc|iPhone.ActiveCfg = Release|x64
		{647A44B6-3494-48AB-B63C-580210CB347D}.Ad-Hoc|iPhone.Build.0 = Release|x64
		{647A44B6-3494-48AB-B63C-580210CB347D}.Ad-Hoc|iPhoneSimulator.ActiveCfg = Release|x64
		{647A44B6-3494-48AB-B63C-580210CB347D}.Ad-Hoc|iPhoneSimulator.Build.0 = Release|x64
		{647A44B6-3494-48AB-B63C-580210CB347D}.Ad-Hoc|x64.ActiveCfg = Release|x64
		{647A44B6-3494-48AB-B63C-580210CB347D}.Ad-Hoc|x64.Build.0 = Release|x64
		{647A44B6-3494-48AB-B63C-580210CB347D}.Ad-Hoc|x86.ActiveCfg = Release|Win32
		{647A44B6-3494-48AB-B63C-580210CB347D}.Ad-Hoc|x86.Build.0 = Release|Win32
		{647A44B6-3494-48AB-B63C-580210CB347D}.AppStore|Any CPU.ActiveCfg = Release|x64
		{647A44B6-3494-48AB-B63C-580210CB347D}.AppStore|Any CPU.Build.0 = Release|x64
		{647A44B6-3494-48AB-B63C-580210CB347D}.AppStore|iPhone.ActiveCfg = Release|x64
		{647A44B6-3494-48AB-B63C-580210CB347D}.AppStore|iPhone.Build.0 = Release|x64
		{647A44B6-3494-48AB-B63C-580210CB347D}.AppStore|iPhoneSimulator.ActiveCfg = Release|x64
		{647A44B6-3494-48AB-B63C-580210CB347D}.AppStore|iPhoneSimulator.Build.0 = Release|x64
		{647A44B6-3494-48AB-B63C-580210CB347D}.AppStore|x64.ActiveCfg = Release|x64
		{647A44B6-3494-48AB-B63C-580210CB347D}.AppStore|x64.Build.0 = Release|x64
		{647A44B6-3494-48AB-B63C-580210CB347D}.AppStore|x86.ActiveCfg = Release|Win32
		{647A44B6-3494-48AB-B63C-580210CB347D}.AppStore|x86.Build.0 = Release|Win32
		{647A44B6-3494-48AB-B63C-580210CB347D}.Debug|Any CPU.ActiveCfg = Debug|Win32
		{647A44B6-3494-48AB-B63C-580210CB347D}.Debug|iPhone.ActiveCfg = Debug|Win32
		{647A44B6-3494-48AB-B63C-580210CB347D}.Debug|iPhoneSimulator.ActiveCfg = Debug|Win32
		{647A44B6-3494-48AB-B63C-580210CB347D}.Debug|x64.ActiveCfg = Debug|x64
		{647A44B6-3494-48AB-B63C-580210CB347D}.Debug|x64.Build.0 = Debug|x64
		{647A44B6-3494-48AB-B63C-580210CB347D}.Debug|x86.ActiveCfg = Debug|Win32
		{647A44B6-3494-48AB-B63C-580210CB347D}.Debug|x86.Build.0 = Debug|Win32
		{647A44B6-3494-48AB-B63C-580210CB347D}.Release|Any CPU.ActiveCfg = Release|Win32
		{647A44B6-3494-48AB-B63C-580210CB347D}.Release|iPhone.ActiveCfg = Release|Win32
		{647A44B6-3494-48AB-B63C-580210CB347D}.Release|iPhoneSimulator.ActiveCfg = Release|Win32
		{647A44B6-3494-48AB-B63C-580210CB347D}.Release|x64.ActiveCfg = Release|x64
		{647A44B6-3494-48AB-B63C-580210CB347D}.Release|x64.Build.0 = Release|x64
		{647A44B6-3494-48AB-B63C-580210CB347D}.Release|x86.ActiveCfg = Release|Win32
		{647A44B6-3494-48AB-B63C-580210CB347D}.Release|x86.Build.0 = Release|Win32
		{BBDA17B7-7454-44CA-A3FD-EEC23EAF5C4C}.Ad-Hoc|Any CPU.ActiveCfg = Release|x64
		{BBDA17B7-7454-44CA-A3FD-EEC23EAF5C4C}.Ad-Hoc|Any CPU.Build.0 = Release|x64
		{BBDA17B7-7454-44CA-A3FD-EEC23EAF5C4C}.Ad-Hoc|iPhone.ActiveCfg = Release|x64
		{BBDA17B7-7454-44CA-A3FD-EEC23EAF5C4C}.Ad-Hoc|iPhone.Build.0 = Release|x64
		{BBDA17B7-7454-44CA-A3FD-EEC23EAF5C4C}.Ad-Hoc|iPhoneSimulator.ActiveCfg = Release|x64
		{BBDA17B7-7454-44CA-A3FD-EEC23EAF5C4C}.Ad-Hoc|iPhoneSimulator.Build.0 = Release|x64
		{BBDA17B7-7454-44CA-A3FD-EEC23EAF5C4C}.Ad-Hoc|x64.ActiveCfg = Release|x64
		{BBDA17B7-7454-44CA-A3FD-EEC23EAF5C4C}.Ad-Hoc|x64.Build.0 = Release|x64
		{BBDA17B7-7454-44CA-A3FD-EEC23EAF5C4C}.Ad-Hoc|x86.ActiveCfg = Release|Win32
		{BBDA17B7-7454-44CA-A3FD-EEC23EAF5C4C}.Ad-Hoc|x86.Build.0 = Release|Win32
		{BBDA17B7-7454-44CA-A3FD-EEC23EAF5C4C}.AppStore|Any CPU.ActiveCfg = Release|x64
		{BBDA17B7-7454-44CA-A3FD-EEC23EAF5C4C}.AppStore|Any CPU.Build.0 = Release|x64
		{BBDA17B7-7454-44CA-A3FD-EEC23EAF5C4C}.AppStore|iPhone.ActiveCfg = Release|x64
		{BBDA17B7-7454-44CA-A3FD-EEC23EAF5C4C}.AppStore|iPhone.Build.0 = Release|x64
		{BBDA17B7-7454-44CA-A3FD-EEC23EAF5C4C}.AppStore|iPhoneSimulator.ActiveCfg = Release|x64
		{BBDA17B7-7454-44CA-A3FD-EEC23EAF5C4C}.AppStore|iPhoneSimulator.Build.0 = Release|x64
		{BBDA17B7-7454-44CA-A3FD-EEC23EAF5C4C}.AppStore|x64.ActiveCfg = Release|x64
		{BBDA17B7-7454-44CA-A3FD-EEC23EAF5C4C}.AppStore|x64.Build.0 = Release|x64
		{BBDA17B7-7454-44CA-A3FD-EEC23EAF5C4C}.AppStore|x86.ActiveCfg = Release|Win32
		{BBDA17B7-7454-44CA-A3FD-EEC23EAF5C4C}.AppStore|x86.Build.0 = Release|Win32
		{BBDA17B7-7454-44CA-A3FD-EEC23EAF5C4C}.Debug|Any CPU.ActiveCfg = Debug|Win32
		{BBDA17B7-7454-44CA-A3FD-EEC23EAF5C4C}.Debug|iPhone.ActiveCfg = Debug|Win32
		{BBDA17B7-7454-44CA-A3FD-EEC23EAF5C4C}.Debug|iPhoneSimulator.ActiveCfg = Debug|Win32
		{BBDA17B7-7454-44CA-A3FD-EEC23EAF5C4C}.Debug|x64.ActiveCfg = Debug|x64
		{BBDA17B7-7454-44CA-A3FD-EEC23EAF5C4C}.Debug|x64.Build.0 = Debug|x64
		{BBDA17B7-7454-44CA-A3FD-EEC23EAF5C4C}.Debug|x86.ActiveCfg = Debug|Win32
		{BBDA17B7-7454-44CA-A3FD-EEC23EAF5C4C}.Debug|x86.Build.0 = Debug|Win32
		{BBDA17B7-7454-44CA-A3FD-EEC23EAF5C4C}.Release|Any CPU.ActiveCfg = Release|Win32
		{BBDA17B7-7454-44CA-A3FD-EEC23EAF5C4C}.Release|iPhone.ActiveCfg = Release|Win32
		{BBDA17B7-7454-44CA-A3FD-EEC23EAF5C4C}.Release|iPhoneSimulator.ActiveCfg = Release|Win32
		{BBDA17B7-7454-44CA-A3FD-EEC23EAF5C4C}.Release|x64.ActiveCfg = Release|x64
		{BBDA17B7-7454-44CA-A3FD-EEC23EAF5C4C}.Release|x64.Build.0 = Release|x64
		{BBDA17B7-7454-44CA-A3FD-EEC23EAF5C4C}.Release|x86.ActiveCfg = Release|Win32
		{BBDA17B7-7454-44CA-A3FD-EEC23EAF5C4C}.Release|x86.Build.0 = Release|Win32
	EndGlobalSection
	GlobalSection(SolutionProperties) = preSolution
		HideSolutionNode = FALSE
	EndGlobalSection
	GlobalSection(ExtensibilityGlobals) = postSolution
		SolutionGuid = {401EA43C-591D-494F-AC21-E3E9C410FE02}
	EndGlobalSection
EndGlobal
